
Microsoft Visual Studio Solution File, Format Version 12.00
# Visual Studio Version 16
VisualStudioVersion = 16.0.30114.105
MinimumVisualStudioVersion = 10.0.40219.1
Project("{888888A0-9F3D-457C-B088-3A5042F75D52}") = "Add Game", "Add Game.pyproj", "{970277CD-371B-4A79-B447-6D33D4DAB369}"
EndProject
Global
	GlobalSection(SolutionConfigurationPlatforms) = preSolution
		Debug|Any CPU = Debug|Any CPU
		Release|Any CPU = Release|Any CPU
	EndGlobalSection
	GlobalSection(ProjectConfigurationPlatforms) = postSolution
		{970277CD-371B-4A79-B447-6D33D4DAB369}.Debug|Any CPU.ActiveCfg = Debug|Any CPU
		{970277CD-371B-4A79-B447-6D33D4DAB369}.Release|Any CPU.ActiveCfg = Release|Any CPU
	EndGlobalSection
	GlobalSection(SolutionProperties) = preSolution
		HideSolutionNode = FALSE
	EndGlobalSection
	GlobalSection(ExtensibilityGlobals) = postSolution
		SolutionGuid = {7BD72B91-48D0-4CB6-B84E-AB8A674B4E82}
	EndGlobalSection
EndGlobal
